
Microsoft Visual Studio Solution File, Format Version 12.00
# Visual Studio Version 17
VisualStudioVersion = 17.6.33829.357
MinimumVisualStudioVersion = 10.0.40219.1
Project("{FAE04EC0-301F-11D3-BF4B-00C04F79EFBC}") = "CrazyRecipes", "CrazyRecipes\CrazyRecipes.csproj", "{3546B2D6-B3AB-452A-A983-344123CAB063}"
EndProject
Global
	GlobalSection(SolutionConfigurationPlatforms) = preSolution
		Debug|Any CPU = Debug|Any CPU
		Release|Any CPU = Release|Any CPU
	EndGlobalSection
	GlobalSection(ProjectConfigurationPlatforms) = postSolution
		{3546B2D6-B3AB-452A-A983-344123CAB063}.Debug|Any CPU.ActiveCfg = Debug|Any CPU
		{3546B2D6-B3AB-452A-A983-344123CAB063}.Debug|Any CPU.Build.0 = Debug|Any CPU
		{3546B2D6-B3AB-452A-A983-344123CAB063}.Release|Any CPU.ActiveCfg = Release|Any CPU
		{3546B2D6-B3AB-452A-A983-344123CAB063}.Release|Any CPU.Build.0 = Release|Any CPU
	EndGlobalSection
	GlobalSection(SolutionProperties) = preSolution
		HideSolutionNode = FALSE
	EndGlobalSection
	GlobalSection(ExtensibilityGlobals) = postSolution
		SolutionGuid = {940E98BD-2D63-4646-AD80-8E276BD376F6}
	EndGlobalSection
EndGlobal
